
Microsoft Visual Studio Solution File, Format Version 12.00
# Visual Studio Version 17
VisualStudioVersion = 17.5.33424.131
MinimumVisualStudioVersion = 10.0.40219.1
Project("{9A19103F-16F7-4668-BE54-9A1E7A4F7556}") = "WeatherApp", "WeatherApp\WeatherApp.csproj", "{4B3748DF-4268-437A-B7EE-CA81F8829350}"
EndProject
Project("{9A19103F-16F7-4668-BE54-9A1E7A4F7556}") = "WeatherAppTests", "WeatherAppTests\WeatherAppTests.csproj", "{F9A249AE-0F5B-418A-95C8-15B9A390126C}"
EndProject
Global
	GlobalSection(SolutionConfigurationPlatforms) = preSolution
		Debug|Any CPU = Debug|Any CPU
		Release|Any CPU = Release|Any CPU
	EndGlobalSection
	GlobalSection(ProjectConfigurationPlatforms) = postSolution
		{4B3748DF-4268-437A-B7EE-CA81F8829350}.Debug|Any CPU.ActiveCfg = Debug|Any CPU
		{4B3748DF-4268-437A-B7EE-CA81F8829350}.Debug|Any CPU.Build.0 = Debug|Any CPU
		{4B3748DF-4268-437A-B7EE-CA81F8829350}.Release|Any CPU.ActiveCfg = Release|Any CPU
		{4B3748DF-4268-437A-B7EE-CA81F8829350}.Release|Any CPU.Build.0 = Release|Any CPU
		{F9A249AE-0F5B-418A-95C8-15B9A390126C}.Debug|Any CPU.ActiveCfg = Debug|Any CPU
		{F9A249AE-0F5B-418A-95C8-15B9A390126C}.Debug|Any CPU.Build.0 = Debug|Any CPU
		{F9A249AE-0F5B-418A-95C8-15B9A390126C}.Release|Any CPU.ActiveCfg = Release|Any CPU
		{F9A249AE-0F5B-418A-95C8-15B9A390126C}.Release|Any CPU.Build.0 = Release|Any CPU
	EndGlobalSection
	GlobalSection(SolutionProperties) = preSolution
		HideSolutionNode = FALSE
	EndGlobalSection
	GlobalSection(ExtensibilityGlobals) = postSolution
		SolutionGuid = {1A7F042D-CA96-43E1-9C4C-D7516240B6B0}
	EndGlobalSection
EndGlobal
